
Microsoft Visual Studio Solution File, Format Version 12.00
# Visual Studio Version 17
VisualStudioVersion = 17.1.32210.238
MinimumVisualStudioVersion = 10.0.40219.1
Project("{9A19103F-16F7-4668-BE54-9A1E7A4F7556}") = "DataSeeder", "..\BEE-Portal\WebApi\DataSeeder\DataSeeder.csproj", "{2A946BF0-3C7C-42DE-BD00-184D340B5B43}"
EndProject
Global
	GlobalSection(SolutionConfigurationPlatforms) = preSolution
		Debug|Any CPU = Debug|Any CPU
		Release|Any CPU = Release|Any CPU
	EndGlobalSection
	GlobalSection(ProjectConfigurationPlatforms) = postSolution
		{2A946BF0-3C7C-42DE-BD00-184D340B5B43}.Debug|Any CPU.ActiveCfg = Debug|Any CPU
		{2A946BF0-3C7C-42DE-BD00-184D340B5B43}.Debug|Any CPU.Build.0 = Debug|Any CPU
		{2A946BF0-3C7C-42DE-BD00-184D340B5B43}.Release|Any CPU.ActiveCfg = Release|Any CPU
		{2A946BF0-3C7C-42DE-BD00-184D340B5B43}.Release|Any CPU.Build.0 = Release|Any CPU
	EndGlobalSection
	GlobalSection(SolutionProperties) = preSolution
		HideSolutionNode = FALSE
	EndGlobalSection
	GlobalSection(ExtensibilityGlobals) = postSolution
		SolutionGuid = {CB5D6710-22C3-4050-9FDD-52AAC50DCBA5}
	EndGlobalSection
EndGlobal
